
Microsoft Visual Studio Solution File, Format Version 12.00
# Visual Studio Version 17
VisualStudioVersion = 17.12.35506.116
MinimumVisualStudioVersion = 10.0.40219.1
Project("{2150E333-8FDC-42A3-9474-1A3956D46DE8}") = "3 - Dominio", "3 - Dominio", "{9A07394C-4999-4960-92A0-E14A7D08B2BC}"
EndProject
Project("{FAE04EC0-301F-11D3-BF4B-00C04F79EFBC}") = "Taking.Dominio", "Taking.Dominio\Taking.Dominio.csproj", "{1BE542CB-26AC-478C-8D04-2922B108712A}"
EndProject
Project("{2150E333-8FDC-42A3-9474-1A3956D46DE8}") = "4 - Infra", "4 - Infra", "{C9563AB8-A0EE-4158-BE46-BAE669F1D027}"
EndProject
Project("{2150E333-8FDC-42A3-9474-1A3956D46DE8}") = "4.1 - Dados", "4.1 - Dados", "{824568F9-63CE-405A-9631-7AA933471D82}"
EndProject
Project("{FAE04EC0-301F-11D3-BF4B-00C04F79EFBC}") = "Taking.Infra.Dados", "Taking.Infra.Dados\Taking.Infra.Dados.csproj", "{82B8E9BB-5620-4222-878E-3DE5E2D6C4CF}"
EndProject
Project("{2150E333-8FDC-42A3-9474-1A3956D46DE8}") = "4.2 - IOC", "4.2 - IOC", "{0126190A-337B-4C04-8A70-FAA400DECDBF}"
EndProject
Project("{FAE04EC0-301F-11D3-BF4B-00C04F79EFBC}") = "Taking.Infra.IOC", "Taking.Infra.IOC\Taking.Infra.IOC.csproj", "{3E6EDFB4-4E29-416C-A9A1-15F2D3F76646}"
EndProject
Project("{2150E333-8FDC-42A3-9474-1A3956D46DE8}") = "2 - Aplicacao", "2 - Aplicacao", "{DC8DE834-396D-4792-8079-ADCC5C03DC5B}"
EndProject
Project("{FAE04EC0-301F-11D3-BF4B-00C04F79EFBC}") = "Taking.Aplicacao", "Taking.Aplicacao\Taking.Aplicacao.csproj", "{DCD2112D-35AF-4848-8607-8B60B95CD20A}"
EndProject
Project("{2150E333-8FDC-42A3-9474-1A3956D46DE8}") = "1 - ServicosDistribuidos", "1 - ServicosDistribuidos", "{0EDB65E5-AB8B-49A6-B3B2-0C78CD66621B}"
EndProject
Project("{FAE04EC0-301F-11D3-BF4B-00C04F79EFBC}") = "Taking.WebApi", "Taking.WebApi\Taking.WebApi.csproj", "{F1D202D9-902D-4231-9324-819341DECC6D}"
EndProject
Project("{2150E333-8FDC-42A3-9474-1A3956D46DE8}") = "5 - Teste", "5 - Teste", "{DCE002C2-64E6-4740-809B-C0FFBCB535DE}"
EndProject
Project("{FAE04EC0-301F-11D3-BF4B-00C04F79EFBC}") = "Taking.Aplicacao.Teste", "Taking.Aplicacao.Teste\Taking.Aplicacao.Teste.csproj", "{9ED5AB21-C611-4DB8-AC54-EBBA9203D9B5}"
EndProject
Global
	GlobalSection(SolutionConfigurationPlatforms) = preSolution
		Debug|Any CPU = Debug|Any CPU
		Release|Any CPU = Release|Any CPU
	EndGlobalSection
	GlobalSection(ProjectConfigurationPlatforms) = postSolution
		{1BE542CB-26AC-478C-8D04-2922B108712A}.Debug|Any CPU.ActiveCfg = Debug|Any CPU
		{1BE542CB-26AC-478C-8D04-2922B108712A}.Debug|Any CPU.Build.0 = Debug|Any CPU
		{1BE542CB-26AC-478C-8D04-2922B108712A}.Release|Any CPU.ActiveCfg = Release|Any CPU
		{1BE542CB-26AC-478C-8D04-2922B108712A}.Release|Any CPU.Build.0 = Release|Any CPU
		{82B8E9BB-5620-4222-878E-3DE5E2D6C4CF}.Debug|Any CPU.ActiveCfg = Debug|Any CPU
		{82B8E9BB-5620-4222-878E-3DE5E2D6C4CF}.Debug|Any CPU.Build.0 = Debug|Any CPU
		{82B8E9BB-5620-4222-878E-3DE5E2D6C4CF}.Release|Any CPU.ActiveCfg = Release|Any CPU
		{82B8E9BB-5620-4222-878E-3DE5E2D6C4CF}.Release|Any CPU.Build.0 = Release|Any CPU
		{3E6EDFB4-4E29-416C-A9A1-15F2D3F76646}.Debug|Any CPU.ActiveCfg = Debug|Any CPU
		{3E6EDFB4-4E29-416C-A9A1-15F2D3F76646}.Debug|Any CPU.Build.0 = Debug|Any CPU
		{3E6EDFB4-4E29-416C-A9A1-15F2D3F76646}.Release|Any CPU.ActiveCfg = Release|Any CPU
		{3E6EDFB4-4E29-416C-A9A1-15F2D3F76646}.Release|Any CPU.Build.0 = Release|Any CPU
		{DCD2112D-35AF-4848-8607-8B60B95CD20A}.Debug|Any CPU.ActiveCfg = Debug|Any CPU
		{DCD2112D-35AF-4848-8607-8B60B95CD20A}.Debug|Any CPU.Build.0 = Debug|Any CPU
		{DCD2112D-35AF-4848-8607-8B60B95CD20A}.Release|Any CPU.ActiveCfg = Release|Any CPU
		{DCD2112D-35AF-4848-8607-8B60B95CD20A}.Release|Any CPU.Build.0 = Release|Any CPU
		{F1D202D9-902D-4231-9324-819341DECC6D}.Debug|Any CPU.ActiveCfg = Debug|Any CPU
		{F1D202D9-902D-4231-9324-819341DECC6D}.Debug|Any CPU.Build.0 = Debug|Any CPU
		{F1D202D9-902D-4231-9324-819341DECC6D}.Release|Any CPU.ActiveCfg = Release|Any CPU
		{F1D202D9-902D-4231-9324-819341DECC6D}.Release|Any CPU.Build.0 = Release|Any CPU
		{9ED5AB21-C611-4DB8-AC54-EBBA9203D9B5}.Debug|Any CPU.ActiveCfg = Debug|Any CPU
		{9ED5AB21-C611-4DB8-AC54-EBBA9203D9B5}.Debug|Any CPU.Build.0 = Debug|Any CPU
		{9ED5AB21-C611-4DB8-AC54-EBBA9203D9B5}.Release|Any CPU.ActiveCfg = Release|Any CPU
		{9ED5AB21-C611-4DB8-AC54-EBBA9203D9B5}.Release|Any CPU.Build.0 = Release|Any CPU
	EndGlobalSection
	GlobalSection(SolutionProperties) = preSolution
		HideSolutionNode = FALSE
	EndGlobalSection
	GlobalSection(NestedProjects) = preSolution
		{1BE542CB-26AC-478C-8D04-2922B108712A} = {9A07394C-4999-4960-92A0-E14A7D08B2BC}
		{824568F9-63CE-405A-9631-7AA933471D82} = {C9563AB8-A0EE-4158-BE46-BAE669F1D027}
		{82B8E9BB-5620-4222-878E-3DE5E2D6C4CF} = {824568F9-63CE-405A-9631-7AA933471D82}
		{0126190A-337B-4C04-8A70-FAA400DECDBF} = {C9563AB8-A0EE-4158-BE46-BAE669F1D027}
		{3E6EDFB4-4E29-416C-A9A1-15F2D3F76646} = {0126190A-337B-4C04-8A70-FAA400DECDBF}
		{DCD2112D-35AF-4848-8607-8B60B95CD20A} = {DC8DE834-396D-4792-8079-ADCC5C03DC5B}
		{F1D202D9-902D-4231-9324-819341DECC6D} = {0EDB65E5-AB8B-49A6-B3B2-0C78CD66621B}
		{9ED5AB21-C611-4DB8-AC54-EBBA9203D9B5} = {DCE002C2-64E6-4740-809B-C0FFBCB535DE}
	EndGlobalSection
EndGlobal
